
Microsoft Visual Studio Solution File, Format Version 12.00
# Visual Studio Version 17
VisualStudioVersion = 17.4.33213.308
MinimumVisualStudioVersion = 10.0.40219.1
Project("{FAE04EC0-301F-11D3-BF4B-00C04F79EFBC}") = "GestaoGaragem", "GestaoGaragem\GestaoGaragem.csproj", "{3652E4B4-0EC0-4C9D-AF46-B0D2DA692D1F}"
EndProject
Global
	GlobalSection(SolutionConfigurationPlatforms) = preSolution
		Debug|Any CPU = Debug|Any CPU
		Release|Any CPU = Release|Any CPU
	EndGlobalSection
	GlobalSection(ProjectConfigurationPlatforms) = postSolution
		{3652E4B4-0EC0-4C9D-AF46-B0D2DA692D1F}.Debug|Any CPU.ActiveCfg = Debug|Any CPU
		{3652E4B4-0EC0-4C9D-AF46-B0D2DA692D1F}.Debug|Any CPU.Build.0 = Debug|Any CPU
		{3652E4B4-0EC0-4C9D-AF46-B0D2DA692D1F}.Release|Any CPU.ActiveCfg = Release|Any CPU
		{3652E4B4-0EC0-4C9D-AF46-B0D2DA692D1F}.Release|Any CPU.Build.0 = Release|Any CPU
	EndGlobalSection
	GlobalSection(SolutionProperties) = preSolution
		HideSolutionNode = FALSE
	EndGlobalSection
	GlobalSection(ExtensibilityGlobals) = postSolution
		SolutionGuid = {293DD46C-C6CE-4952-8BBC-BBBC7C5EE574}
	EndGlobalSection
EndGlobal
